
Microsoft Visual Studio Solution File, Format Version 12.00
# Visual Studio 15
VisualStudioVersion = 15.0.28010.2046
MinimumVisualStudioVersion = 10.0.40219.1
Project("{FAE04EC0-301F-11D3-BF4B-00C04F79EFBC}") = "EquazioniLibrary", "EquazioniLibrary\EquazioniLibrary.csproj", "{021600B4-E638-45F3-979E-EFACABDFF8CF}"
EndProject
Project("{FAE04EC0-301F-11D3-BF4B-00C04F79EFBC}") = "EquazioniLibrary.Test", "EquazioniLibrary.Test\EquazioniLibrary.Test.csproj", "{09151C72-41BC-4024-96FC-3DCA1DDBD261}"
EndProject
Global
	GlobalSection(SolutionConfigurationPlatforms) = preSolution
		Debug|Any CPU = Debug|Any CPU
		Release|Any CPU = Release|Any CPU
	EndGlobalSection
	GlobalSection(ProjectConfigurationPlatforms) = postSolution
		{021600B4-E638-45F3-979E-EFACABDFF8CF}.Debug|Any CPU.ActiveCfg = Debug|Any CPU
		{021600B4-E638-45F3-979E-EFACABDFF8CF}.Debug|Any CPU.Build.0 = Debug|Any CPU
		{021600B4-E638-45F3-979E-EFACABDFF8CF}.Release|Any CPU.ActiveCfg = Release|Any CPU
		{021600B4-E638-45F3-979E-EFACABDFF8CF}.Release|Any CPU.Build.0 = Release|Any CPU
		{09151C72-41BC-4024-96FC-3DCA1DDBD261}.Debug|Any CPU.ActiveCfg = Debug|Any CPU
		{09151C72-41BC-4024-96FC-3DCA1DDBD261}.Debug|Any CPU.Build.0 = Debug|Any CPU
		{09151C72-41BC-4024-96FC-3DCA1DDBD261}.Release|Any CPU.ActiveCfg = Release|Any CPU
		{09151C72-41BC-4024-96FC-3DCA1DDBD261}.Release|Any CPU.Build.0 = Release|Any CPU
	EndGlobalSection
	GlobalSection(SolutionProperties) = preSolution
		HideSolutionNode = FALSE
	EndGlobalSection
	GlobalSection(ExtensibilityGlobals) = postSolution
		SolutionGuid = {D3ADA0C8-1DE8-4CEB-BFF1-EC22FC4DDCB6}
	EndGlobalSection
EndGlobal
